
Microsoft Visual Studio Solution File, Format Version 12.00
# Visual Studio Version 17
VisualStudioVersion = 17.6.33723.286
MinimumVisualStudioVersion = 10.0.40219.1
Project("{888888A0-9F3D-457C-B088-3A5042F75D52}") = "assigment2_CI", "assigment2_CI\assigment2_CI.pyproj", "{DFE7D8AF-8902-4A44-A348-5EDCA11FE029}"
EndProject
Global
	GlobalSection(SolutionConfigurationPlatforms) = preSolution
		Debug|Any CPU = Debug|Any CPU
		Release|Any CPU = Release|Any CPU
	EndGlobalSection
	GlobalSection(ProjectConfigurationPlatforms) = postSolution
		{DFE7D8AF-8902-4A44-A348-5EDCA11FE029}.Debug|Any CPU.ActiveCfg = Debug|Any CPU
		{DFE7D8AF-8902-4A44-A348-5EDCA11FE029}.Release|Any CPU.ActiveCfg = Release|Any CPU
	EndGlobalSection
	GlobalSection(SolutionProperties) = preSolution
		HideSolutionNode = FALSE
	EndGlobalSection
	GlobalSection(ExtensibilityGlobals) = postSolution
		SolutionGuid = {E7DE9391-7935-4C57-931B-6E4099531896}
	EndGlobalSection
EndGlobal
